
Microsoft Visual Studio Solution File, Format Version 12.00
# Visual Studio Version 16
VisualStudioVersion = 16.0.32802.440
MinimumVisualStudioVersion = 10.0.40219.1
Project("{FAE04EC0-301F-11D3-BF4B-00C04F79EFBC}") = "generic_koleksiyonlar_ve_list", "generic_koleksiyonlar_ve_list\generic_koleksiyonlar_ve_list.csproj", "{0A6DF128-4D23-4CCA-9784-12A4E6BEF67A}"
EndProject
Global
	GlobalSection(SolutionConfigurationPlatforms) = preSolution
		Debug|Any CPU = Debug|Any CPU
		Release|Any CPU = Release|Any CPU
	EndGlobalSection
	GlobalSection(ProjectConfigurationPlatforms) = postSolution
		{0A6DF128-4D23-4CCA-9784-12A4E6BEF67A}.Debug|Any CPU.ActiveCfg = Debug|Any CPU
		{0A6DF128-4D23-4CCA-9784-12A4E6BEF67A}.Debug|Any CPU.Build.0 = Debug|Any CPU
		{0A6DF128-4D23-4CCA-9784-12A4E6BEF67A}.Release|Any CPU.ActiveCfg = Release|Any CPU
		{0A6DF128-4D23-4CCA-9784-12A4E6BEF67A}.Release|Any CPU.Build.0 = Release|Any CPU
	EndGlobalSection
	GlobalSection(SolutionProperties) = preSolution
		HideSolutionNode = FALSE
	EndGlobalSection
	GlobalSection(ExtensibilityGlobals) = postSolution
		SolutionGuid = {C90EF645-B9C6-473A-B620-DDD69B81EA31}
	EndGlobalSection
EndGlobal
